
Microsoft Visual Studio Solution File, Format Version 12.00
# Visual Studio Version 16
VisualStudioVersion = 16.0.33423.256
MinimumVisualStudioVersion = 10.0.40219.1
Project("{FAE04EC0-301F-11D3-BF4B-00C04F79EFBC}") = "MagmaAPI", "MagmaAPI.csproj", "{3E827BB2-A4AF-4B22-AE91-0BB418AFCF85}"
EndProject
Global
	GlobalSection(SolutionConfigurationPlatforms) = preSolution
		Debug|Any CPU = Debug|Any CPU
		Release|Any CPU = Release|Any CPU
	EndGlobalSection
	GlobalSection(ProjectConfigurationPlatforms) = postSolution
		{3E827BB2-A4AF-4B22-AE91-0BB418AFCF85}.Debug|Any CPU.ActiveCfg = Debug|Any CPU
		{3E827BB2-A4AF-4B22-AE91-0BB418AFCF85}.Debug|Any CPU.Build.0 = Debug|Any CPU
		{3E827BB2-A4AF-4B22-AE91-0BB418AFCF85}.Release|Any CPU.ActiveCfg = Release|Any CPU
		{3E827BB2-A4AF-4B22-AE91-0BB418AFCF85}.Release|Any CPU.Build.0 = Release|Any CPU
	EndGlobalSection
	GlobalSection(SolutionProperties) = preSolution
		HideSolutionNode = FALSE
	EndGlobalSection
	GlobalSection(ExtensibilityGlobals) = postSolution
		SolutionGuid = {C4DD3DFC-6301-4096-8225-015DF4648CE1}
	EndGlobalSection
EndGlobal
